[[package]]
name = "bigint"
version = "4.3.0"
source = "registry+https://github.com/rust-lang/crates.io-index"
dependencies = [
 "byteorder 1.2.3 (registry+https://github.com/rust-lang/crates.io-index)",
 "crunchy 0.1.6 (registry+https://github.com/rust-lang/crates.io-index)",
 "rustc-hex 1.0.0 (registry+https://github.com/rust-lang/crates.io-index)",
]

[[package]]
name = "byteorder"
version = "1.2.3"
source = "registry+https://github.com/rust-lang/crates.io-index"

[[package]]
name = "crunchy"
version = "0.1.6"
source = "registry+https://github.com/rust-lang/crates.io-index"

[[package]]
name = "ethbot"
version = "0.1.0"
dependencies = [
 "ethbot-core 0.1.0",
]

[[package]]
name = "ethbot-core"
version = "0.1.0"
dependencies = [
 "parity-hash 1.1.0 (registry+https://github.com/rust-lang/crates.io-index)",
]

[[package]]
name = "parity-hash"
version = "1.1.0"
source = "registry+https://github.com/rust-lang/crates.io-index"
dependencies = [
 "bigint 4.3.0 (registry+https://github.com/rust-lang/crates.io-index)",
 "rustc-hex 1.0.0 (registry+https://github.com/rust-lang/crates.io-index)",
]

[[package]]
name = "rustc-hex"
version = "1.0.0"
source = "registry+https://github.com/rust-lang/crates.io-index"

[metadata]
"checksum bigint 4.3.0 (registry+https://github.com/rust-lang/crates.io-index)" = "b4a6d961f23ce43ce7391b994c78174691e41274a5c48a1cda69caf04af173e1"
"checksum byteorder 1.2.3 (registry+https://github.com/rust-lang/crates.io-index)" = "74c0b906e9446b0a2e4f760cdb3fa4b2c48cdc6db8766a845c54b6ff063fd2e9"
"checksum crunchy 0.1.6 (registry+https://github.com/rust-lang/crates.io-index)" = "a2f4a431c5c9f662e1200b7c7f02c34e91361150e382089a8f2dec3ba680cbda"
"checksum parity-hash 1.1.0 (registry+https://github.com/rust-lang/crates.io-index)" = "fdd741c00934b85b6fe9d7520274962f2a73a12351c96b2ac938f68afad6b213"
"checksum rustc-hex 1.0.0 (registry+https://github.com/rust-lang/crates.io-index)" = "0ceb8ce7a5e520de349e1fa172baeba4a9e8d5ef06c47471863530bc4972ee1e"
